
Microsoft Visual Studio Solution File, Format Version 12.00
# Visual Studio Version 17
VisualStudioVersion = 17.1.32319.34
MinimumVisualStudioVersion = 10.0.40219.1
Project("{FAE04EC0-301F-11D3-BF4B-00C04F79EFBC}") = "UsbLibrary", "UsbLibrary\UsbLibrary.csproj", "{71E42A6D-C432-4C03-BF4F-ABFD2A3173E0}"
EndProject
Project("{FAE04EC0-301F-11D3-BF4B-00C04F79EFBC}") = "kppApp", "UsbApp\kppApp.csproj", "{8A576B45-04F3-4811-9BEE-09860C05F2EF}"
EndProject
Project("{FAE04EC0-301F-11D3-BF4B-00C04F79EFBC}") = "cardSender", "cardSender\cardSender.csproj", "{169A4AD1-FCCF-4829-9AA7-37E39F75661E}"
EndProject
Project("{9A19103F-16F7-4668-BE54-9A1E7A4F7556}") = "rest10", "rest10\rest10.csproj", "{FEE7692E-1853-4C6A-81DC-C41104A60D58}"
EndProject
Project("{FAE04EC0-301F-11D3-BF4B-00C04F79EFBC}") = "PersLoader", "PersLoader\PersLoader.csproj", "{6FF1D155-76A5-47EE-96E0-F4627400C6ED}"
EndProject
Global
	GlobalSection(SolutionConfigurationPlatforms) = preSolution
		Debug|Any CPU = Debug|Any CPU
		Release|Any CPU = Release|Any CPU
	EndGlobalSection
	GlobalSection(ProjectConfigurationPlatforms) = postSolution
		{71E42A6D-C432-4C03-BF4F-ABFD2A3173E0}.Debug|Any CPU.ActiveCfg = Debug|Any CPU
		{71E42A6D-C432-4C03-BF4F-ABFD2A3173E0}.Debug|Any CPU.Build.0 = Debug|Any CPU
		{71E42A6D-C432-4C03-BF4F-ABFD2A3173E0}.Release|Any CPU.ActiveCfg = Release|Any CPU
		{71E42A6D-C432-4C03-BF4F-ABFD2A3173E0}.Release|Any CPU.Build.0 = Release|Any CPU
		{8A576B45-04F3-4811-9BEE-09860C05F2EF}.Debug|Any CPU.ActiveCfg = Debug|Any CPU
		{8A576B45-04F3-4811-9BEE-09860C05F2EF}.Debug|Any CPU.Build.0 = Debug|Any CPU
		{8A576B45-04F3-4811-9BEE-09860C05F2EF}.Release|Any CPU.ActiveCfg = Release|Any CPU
		{8A576B45-04F3-4811-9BEE-09860C05F2EF}.Release|Any CPU.Build.0 = Release|Any CPU
		{169A4AD1-FCCF-4829-9AA7-37E39F75661E}.Debug|Any CPU.ActiveCfg = Debug|Any CPU
		{169A4AD1-FCCF-4829-9AA7-37E39F75661E}.Debug|Any CPU.Build.0 = Debug|Any CPU
		{169A4AD1-FCCF-4829-9AA7-37E39F75661E}.Release|Any CPU.ActiveCfg = Release|Any CPU
		{169A4AD1-FCCF-4829-9AA7-37E39F75661E}.Release|Any CPU.Build.0 = Release|Any CPU
		{FEE7692E-1853-4C6A-81DC-C41104A60D58}.Debug|Any CPU.ActiveCfg = Debug|Any CPU
		{FEE7692E-1853-4C6A-81DC-C41104A60D58}.Debug|Any CPU.Build.0 = Debug|Any CPU
		{FEE7692E-1853-4C6A-81DC-C41104A60D58}.Release|Any CPU.ActiveCfg = Release|Any CPU
		{FEE7692E-1853-4C6A-81DC-C41104A60D58}.Release|Any CPU.Build.0 = Release|Any CPU
		{6FF1D155-76A5-47EE-96E0-F4627400C6ED}.Debug|Any CPU.ActiveCfg = Debug|Any CPU
		{6FF1D155-76A5-47EE-96E0-F4627400C6ED}.Debug|Any CPU.Build.0 = Debug|Any CPU
		{6FF1D155-76A5-47EE-96E0-F4627400C6ED}.Release|Any CPU.ActiveCfg = Release|Any CPU
		{6FF1D155-76A5-47EE-96E0-F4627400C6ED}.Release|Any CPU.Build.0 = Release|Any CPU
	EndGlobalSection
	GlobalSection(SolutionProperties) = preSolution
		HideSolutionNode = FALSE
	EndGlobalSection
	GlobalSection(ExtensibilityGlobals) = postSolution
		SolutionGuid = {B55D9645-1E0F-45BF-BCEC-128898E29683}
	EndGlobalSection
EndGlobal
